// !$*UTF8*$!
{
	archiveVersion = 1;
	classes = {
	};
	objectVersion = 46;
	objects = {

/* Begin PBXBuildFile section */
		392CD20A1EEEFCEE0045B11A /* Model.cpp in Sources */ = {isa = PBXBuildFile; fileRef = 392CD2011EEEFCEE0045B11A /* Model.cpp */; };
		392CD20B1EEEFCEE0045B11A /* Room.cpp in Sources */ = {isa = PBXBuildFile; fileRef = 392CD2021EEEFCEE0045B11A /* Room.cpp */; };
		392CD20C1EEEFCEE0045B11A /* Controller.cpp in Sources */ = {isa = PBXBuildFile; fileRef = 392CD2031EEEFCEE0045B11A /* Controller.cpp */; };
		392CD20D1EEEFCEE0045B11A /* View.cpp in Sources */ = {isa = PBXBuildFile; fileRef = 392CD2061EEEFCEE0045B11A /* View.cpp */; };
		39B6F71B1EE8990D009A6FBF /* main.cpp in Sources */ = {isa = PBXBuildFile; fileRef = 39B6F71A1EE8990D009A6FBF /* main.cpp */; };
/* End PBXBuildFile section */

/* Begin PBXCopyFilesBuildPhase section */
		39B6F7151EE8990D009A6FBF /* CopyFiles */ = {
			isa = PBXCopyFilesBuildPhase;
			buildActionMask = 2147483647;
			dstPath = /usr/share/man/man1/;
			dstSubfolderSpec = 0;
			files = (
			);
			runOnlyForDeploymentPostprocessing = 1;
		};
/* End PBXCopyFilesBuildPhase section */

/* Begin PBXFileReference section */
		392CD1F01EEEFBC40045B11A /* test.txt */ = {isa = PBXFileReference; fileEncoding = 4; lastKnownFileType = text; path = test.txt; sourceTree = "<group>"; };
		392CD2011EEEFCEE0045B11A /* Model.cpp */ = {isa = PBXFileReference; fileEncoding = 4; lastKnownFileType = sourcecode.cpp.cpp; path = Model.cpp; sourceTree = "<group>"; };
		392CD2021EEEFCEE0045B11A /* Room.cpp */ = {isa = PBXFileReference; fileEncoding = 4; lastKnownFileType = sourcecode.cpp.cpp; path = Room.cpp; sourceTree = "<group>"; };
		392CD2031EEEFCEE0045B11A /* Controller.cpp */ = {isa = PBXFileReference; fileEncoding = 4; lastKnownFileType = sourcecode.cpp.cpp; path = Controller.cpp; sourceTree = "<group>"; };
		392CD2041EEEFCEE0045B11A /* Controller.h */ = {isa = PBXFileReference; fileEncoding = 4; lastKnownFileType = sourcecode.c.h; path = Controller.h; sourceTree = "<group>"; };
		392CD2051EEEFCEE0045B11A /* Model.h */ = {isa = PBXFileReference; fileEncoding = 4; lastKnownFileType = sourcecode.c.h; path = Model.h; sourceTree = "<group>"; };
		392CD2061EEEFCEE0045B11A /* View.cpp */ = {isa = PBXFileReference; fileEncoding = 4; lastKnownFileType = sourcecode.cpp.cpp; path = View.cpp; sourceTree = "<group>"; };
		392CD2071EEEFCEE0045B11A /* Room.h */ = {isa = PBXFileReference; fileEncoding = 4; lastKnownFileType = sourcecode.c.h; path = Room.h; sourceTree = "<group>"; };
		392CD2081EEEFCEE0045B11A /* View.h */ = {isa = PBXFileReference; fileEncoding = 4; lastKnownFileType = sourcecode.c.h; path = View.h; sourceTree = "<group>"; };
		392CD2091EEEFCEE0045B11A /* Player.h */ = {isa = PBXFileReference; fileEncoding = 4; lastKnownFileType = sourcecode.c.h; path = Player.h; sourceTree = "<group>"; };
		39B6F7171EE8990D009A6FBF /* Xeno Sapient */ = {isa = PBXFileReference; explicitFileType = "compiled.mach-o.executable"; includeInIndex = 0; path = "Xeno Sapient"; sourceTree = BUILT_PRODUCTS_DIR; };
		39B6F71A1EE8990D009A6FBF /* main.cpp */ = {isa = PBXFileReference; lastKnownFileType = sourcecode.cpp.cpp; path = main.cpp; sourceTree = "<group>"; };
		39B6F7231EE8A145009A6FBF /* Item.h */ = {isa = PBXFileReference; lastKnownFileType = sourcecode.c.h; path = Item.h; sourceTree = "<group>"; };
		39B6F7241EE8A22A009A6FBF /* Interactable.h */ = {isa = PBXFileReference; lastKnownFileType = sourcecode.c.h; path = Interactable.h; sourceTree = "<group>"; };
		39EBB65E1EEDDBE400C6A185 /* NocabUtil.h */ = {isa = PBXFileReference; lastKnownFileType = sourcecode.c.h; path = NocabUtil.h; sourceTree = "<group>"; };
/* End PBXFileReference section */

/* Begin PBXFrameworksBuildPhase section */
		39B6F7141EE8990D009A6FBF /* Frameworks */ = {
			isa = PBXFrameworksBuildPhase;
			buildActionMask = 2147483647;
			files = (
			);
			runOnlyForDeploymentPostprocessing = 0;
		};
/* End PBXFrameworksBuildPhase section */

/* Begin PBXGroup section */
		392CD1EF1EEEFBC40045B11A /* text */ = {
			isa = PBXGroup;
			children = (
				392CD1F01EEEFBC40045B11A /* test.txt */,
			);
			name = text;
			path = "Xeno Sapient/text";
			sourceTree = "<group>";
		};
		392CD20E1EEEFDE40045B11A /* View */ = {
			isa = PBXGroup;
			children = (
				392CD2061EEEFCEE0045B11A /* View.cpp */,
				392CD2081EEEFCEE0045B11A /* View.h */,
			);
			name = View;
			sourceTree = "<group>";
		};
		392CD20F1EEEFDEC0045B11A /* Controller */ = {
			isa = PBXGroup;
			children = (
				392CD2031EEEFCEE0045B11A /* Controller.cpp */,
				392CD2041EEEFCEE0045B11A /* Controller.h */,
			);
			name = Controller;
			sourceTree = "<group>";
		};
		392CD2101EEEFDF70045B11A /* Model */ = {
			isa = PBXGroup;
			children = (
				392CD2011EEEFCEE0045B11A /* Model.cpp */,
				392CD2051EEEFCEE0045B11A /* Model.h */,
				392CD2021EEEFCEE0045B11A /* Room.cpp */,
				392CD2071EEEFCEE0045B11A /* Room.h */,
				392CD2091EEEFCEE0045B11A /* Player.h */,
			);
			name = Model;
			sourceTree = "<group>";
		};
		39B6F70E1EE8990D009A6FBF = {
			isa = PBXGroup;
			children = (
				392CD1EF1EEEFBC40045B11A /* text */,
				39B6F7191EE8990D009A6FBF /* Xeno Sapient */,
				39B6F7181EE8990D009A6FBF /* Products */,
			);
			sourceTree = "<group>";
		};
		39B6F7181EE8990D009A6FBF /* Products */ = {
			isa = PBXGroup;
			children = (
				39B6F7171EE8990D009A6FBF /* Xeno Sapient */,
			);
			name = Products;
			sourceTree = "<group>";
		};
		39B6F7191EE8990D009A6FBF /* Xeno Sapient */ = {
			isa = PBXGroup;
			children = (
				39B6F71A1EE8990D009A6FBF /* main.cpp */,
				392CD2101EEEFDF70045B11A /* Model */,
				392CD20F1EEEFDEC0045B11A /* Controller */,
				392CD20E1EEEFDE40045B11A /* View */,
				39B6F7241EE8A22A009A6FBF /* Interactable.h */,
				39B6F7231EE8A145009A6FBF /* Item.h */,
				39EBB65E1EEDDBE400C6A185 /* NocabUtil.h */,
			);
			path = "Xeno Sapient";
			sourceTree = "<group>";
		};
/* End PBXGroup section */

/* Begin PBXNativeTarget section */
		39B6F7161EE8990D009A6FBF /* Xeno Sapient */ = {
			isa = PBXNativeTarget;
			buildConfigurationList = 39B6F71E1EE8990D009A6FBF /* Build configuration list for PBXNativeTarget "Xeno Sapient" */;
			buildPhases = (
				39B6F7131EE8990D009A6FBF /* Sources */,
				39B6F7141EE8990D009A6FBF /* Frameworks */,
				39B6F7151EE8990D009A6FBF /* CopyFiles */,
			);
			buildRules = (
			);
			dependencies = (
			);
			name = "Xeno Sapient";
			productName = "Xeno Sapient";
			productReference = 39B6F7171EE8990D009A6FBF /* Xeno Sapient */;
			productType = "com.apple.product-type.tool";
		};
/* End PBXNativeTarget section */

/* Begin PBXProject section */
		39B6F70F1EE8990D009A6FBF /* Project object */ = {
			isa = PBXProject;
			attributes = {
				LastUpgradeCheck = 0810;
				ORGANIZATIONNAME = "Arthur Bacon";
				TargetAttributes = {
					39B6F7161EE8990D009A6FBF = {
						CreatedOnToolsVersion = 8.1;
						ProvisioningStyle = Automatic;
					};
				};
			};
			buildConfigurationList = 39B6F7121EE8990D009A6FBF /* Build configuration list for PBXProject "Xeno Sapient" */;
			compatibilityVersion = "Xcode 3.2";
			developmentRegion = English;
			hasScannedForEncodings = 0;
			knownRegions = (
				en,
			);
			mainGroup = 39B6F70E1EE8990D009A6FBF;
			productRefGroup = 39B6F7181EE8990D009A6FBF /* Products */;
			projectDirPath = "";
			projectRoot = "";
			targets = (
				39B6F7161EE8990D009A6FBF /* Xeno Sapient */,
			);
		};
/* End PBXProject section */

/* Begin PBXSourcesBuildPhase section */
		39B6F7131EE8990D009A6FBF /* Sources */ = {
			isa = PBXSourcesBuildPhase;
			buildActionMask = 2147483647;
			files = (
				392CD20B1EEEFCEE0045B11A /* Room.cpp in Sources */,
				39B6F71B1EE8990D009A6FBF /* main.cpp in Sources */,
				392CD20A1EEEFCEE0045B11A /* Model.cpp in Sources */,
				392CD20C1EEEFCEE0045B11A /* Controller.cpp in Sources */,
				392CD20D1EEEFCEE0045B11A /* View.cpp in Sources */,
			);
			runOnlyForDeploymentPostprocessing = 0;
		};
/* End PBXSourcesBuildPhase section */

/* Begin XCBuildConfiguration section */
		39B6F71C1EE8990D009A6FBF /* Debug */ = {
			isa = XCBuildConfiguration;
			buildSettings = {
				ALWAYS_SEARCH_USER_PATHS = NO;
				CLANG_ANALYZER_NONNULL = YES;
				CLANG_CXX_LANGUAGE_STANDARD = "gnu++0x";
				CLANG_CXX_LIBRARY = "libc++";
				CLANG_ENABLE_MODULES = YES;
				CLANG_ENABLE_OBJC_ARC = YES;
				CLANG_WARN_BOOL_CONVERSION = YES;
				CLANG_WARN_CONSTANT_CONVERSION = YES;
				CLANG_WARN_DIRECT_OBJC_ISA_USAGE = YES_ERROR;
				CLANG_WARN_DOCUMENTATION_COMMENTS = YES;
				CLANG_WARN_EMPTY_BODY = YES;
				CLANG_WARN_ENUM_CONVERSION = YES;
				CLANG_WARN_INFINITE_RECURSION = YES;
				CLANG_WARN_INT_CONVERSION = YES;
				CLANG_WARN_OBJC_ROOT_CLASS = YES_ERROR;
				CLANG_WARN_SUSPICIOUS_MOVES = YES;
				CLANG_WARN_UNREACHABLE_CODE = YES;
				CLANG_WARN__DUPLICATE_METHOD_MATCH = YES;
				CODE_SIGN_IDENTITY = "-";
				COPY_PHASE_STRIP = NO;
				DEBUG_INFORMATION_FORMAT = dwarf;
				ENABLE_STRICT_OBJC_MSGSEND = YES;
				ENABLE_TESTABILITY = YES;
				GCC_C_LANGUAGE_STANDARD = gnu99;
				GCC_DYNAMIC_NO_PIC = NO;
				GCC_NO_COMMON_BLOCKS = YES;
				GCC_OPTIMIZATION_LEVEL = 0;
				GCC_PREPROCESSOR_DEFINITIONS = (
					"DEBUG=1",
					"$(inherited)",
				);
				GCC_WARN_64_TO_32_BIT_CONVERSION = YES;
				GCC_WARN_ABOUT_RETURN_TYPE = YES_ERROR;
				GCC_WARN_UNDECLARED_SELECTOR = YES;
				GCC_WARN_UNINITIALIZED_AUTOS = YES_AGGRESSIVE;
				GCC_WARN_UNUSED_FUNCTION = YES;
				GCC_WARN_UNUSED_VARIABLE = YES;
				MACOSX_DEPLOYMENT_TARGET = 10.12;
				MTL_ENABLE_DEBUG_INFO = YES;
				ONLY_ACTIVE_ARCH = YES;
				SDKROOT = macosx;
			};
			name = Debug;
		};
		39B6F71D1EE8990D009A6FBF /* Release */ = {
			isa = XCBuildConfiguration;
			buildSettings = {
				ALWAYS_SEARCH_USER_PATHS = NO;
				CLANG_ANALYZER_NONNULL = YES;
				CLANG_CXX_LANGUAGE_STANDARD = "gnu++0x";
				CLANG_CXX_LIBRARY = "libc++";
				CLANG_ENABLE_MODULES = YES;
				CLANG_ENABLE_OBJC_ARC = YES;
				CLANG_WARN_BOOL_CONVERSION = YES;
				CLANG_WARN_CONSTANT_CONVERSION = YES;
				CLANG_WARN_DIRECT_OBJC_ISA_USAGE = YES_ERROR;
				CLANG_WARN_DOCUMENTATION_COMMENTS = YES;
				CLANG_WARN_EMPTY_BODY = YES;
				CLANG_WARN_ENUM_CONVERSION = YES;
				CLANG_WARN_INFINITE_RECURSION = YES;
				CLANG_WARN_INT_CONVERSION = YES;
				CLANG_WARN_OBJC_ROOT_CLASS = YES_ERROR;
				CLANG_WARN_SUSPICIOUS_MOVES = YES;
				CLANG_WARN_UNREACHABLE_CODE = YES;
				CLANG_WARN__DUPLICATE_METHOD_MATCH = YES;
				CODE_SIGN_IDENTITY = "-";
				COPY_PHASE_STRIP = NO;
				DEBUG_INFORMATION_FORMAT = "dwarf-with-dsym";
				ENABLE_NS_ASSERTIONS = NO;
				ENABLE_STRICT_OBJC_MSGSEND = YES;
				GCC_C_LANGUAGE_STANDARD = gnu99;
				GCC_NO_COMMON_BLOCKS = YES;
				GCC_WARN_64_TO_32_BIT_CONVERSION = YES;
				GCC_WARN_ABOUT_RETURN_TYPE = YES_ERROR;
				GCC_WARN_UNDECLARED_SELECTOR = YES;
				GCC_WARN_UNINITIALIZED_AUTOS = YES_AGGRESSIVE;
				GCC_WARN_UNUSED_FUNCTION = YES;
				GCC_WARN_UNUSED_VARIABLE = YES;
				MACOSX_DEPLOYMENT_TARGET = 10.12;
				MTL_ENABLE_DEBUG_INFO = NO;
				SDKROOT = macosx;
			};
			name = Release;
		};
		39B6F71F1EE8990D009A6FBF /* Debug */ = {
			isa = XCBuildConfiguration;
			buildSettings = {
				PRODUCT_NAME = "$(TARGET_NAME)";
			};
			name = Debug;
		};
		39B6F7201EE8990D009A6FBF /* Release */ = {
			isa = XCBuildConfiguration;
			buildSettings = {
				PRODUCT_NAME = "$(TARGET_NAME)";
			};
			name = Release;
		};
/* End XCBuildConfiguration section */

/* Begin XCConfigurationList section */
		39B6F7121EE8990D009A6FBF /* Build configuration list for PBXProject "Xeno Sapient" */ = {
			isa = XCConfigurationList;
			buildConfigurations = (
				39B6F71C1EE8990D009A6FBF /* Debug */,
				39B6F71D1EE8990D009A6FBF /* Release */,
			);
			defaultConfigurationIsVisible = 0;
			defaultConfigurationName = Release;
		};
		39B6F71E1EE8990D009A6FBF /* Build configuration list for PBXNativeTarget "Xeno Sapient" */ = {
			isa = XCConfigurationList;
			buildConfigurations = (
				39B6F71F1EE8990D009A6FBF /* Debug */,
				39B6F7201EE8990D009A6FBF /* Release */,
			);
			defaultConfigurationIsVisible = 0;
			defaultConfigurationName = Release;
		};
/* End XCConfigurationList section */
	};
	rootObject = 39B6F70F1EE8990D009A6FBF /* Project object */;
}
